// !$*UTF8*$!
{
	archiveVersion = 1;
	classes = {
	};
	objectVersion = 51;
	objects = {

/* Begin PBXBuildFile section */
		0F6A5CB9A232B13A32A7EE88 /* Pods_Test_5_9.framework in Frameworks */ = {isa = PBXBuildFile; fileRef = 0A750F54585699A1693D0199 /* Pods_Test_5_9.framework */; };
		860F9BAD231EB0BA00BB57A1 /* AppDelegate.swift in Sources */ = {isa = PBXBuildFile; fileRef = 860F9BAC231EB0BA00BB57A1 /* AppDelegate.swift */; };
		860F9BAF231EB0BA00BB57A1 /* ViewController.swift in Sources */ = {isa = PBXBuildFile; fileRef = 860F9BAE231EB0BA00BB57A1 /* ViewController.swift */; };
		860F9BB2231EB0BA00BB57A1 /* Main.storyboard in Resources */ = {isa = PBXBuildFile; fileRef = 860F9BB0231EB0BA00BB57A1 /* Main.storyboard */; };
		860F9BB4231EB0BC00BB57A1 /* Assets.xcassets in Resources */ = {isa = PBXBuildFile; fileRef = 860F9BB3231EB0BC00BB57A1 /* Assets.xcassets */; };
		860F9BB7231EB0BC00BB57A1 /* LaunchScreen.storyboard in Resources */ = {isa = PBXBuildFile; fileRef = 860F9BB5231EB0BC00BB57A1 /* LaunchScreen.storyboard */; };
		860F9BC2231EB0BC00BB57A1 /* Test_5_9Tests.swift in Sources */ = {isa = PBXBuildFile; fileRef = 860F9BC1231EB0BC00BB57A1 /* Test_5_9Tests.swift */; };
		860F9BCD231EB0BC00BB57A1 /* Test_5_9UITests.swift in Sources */ = {isa = PBXBuildFile; fileRef = 860F9BCC231EB0BC00BB57A1 /* Test_5_9UITests.swift */; };
		860F9BDC231EB0EB00BB57A1 /* TopViewController.swift in Sources */ = {isa = PBXBuildFile; fileRef = 860F9BDA231EB0EB00BB57A1 /* TopViewController.swift */; };
		860F9BDD231EB0EB00BB57A1 /* TopViewController.xib in Resources */ = {isa = PBXBuildFile; fileRef = 860F9BDB231EB0EB00BB57A1 /* TopViewController.xib */; };
		860F9BE0231EB11700BB57A1 /* TopMainView.swift in Sources */ = {isa = PBXBuildFile; fileRef = 860F9BDE231EB11700BB57A1 /* TopMainView.swift */; };
		860F9BE1231EB11700BB57A1 /* TopMainView.xib in Resources */ = {isa = PBXBuildFile; fileRef = 860F9BDF231EB11700BB57A1 /* TopMainView.xib */; };
		860F9BE4231EB15C00BB57A1 /* TopMainTableViewCell.swift in Sources */ = {isa = PBXBuildFile; fileRef = 860F9BE2231EB15C00BB57A1 /* TopMainTableViewCell.swift */; };
		860F9BE5231EB15C00BB57A1 /* TopMainTableViewCell.xib in Resources */ = {isa = PBXBuildFile; fileRef = 860F9BE3231EB15C00BB57A1 /* TopMainTableViewCell.xib */; };
		D3FA5EB6C563DFCF343B4003 /* Pods_Test_5_9UITests.framework in Frameworks */ = {isa = PBXBuildFile; fileRef = 8A222AD9529DDB5FD1B47961 /* Pods_Test_5_9UITests.framework */; };
		D6DAF98A3F64FB5D0C89458C /* Pods_Test_5_9Tests.framework in Frameworks */ = {isa = PBXBuildFile; fileRef = 9AFF33B3ADBD786A3983A3F9 /* Pods_Test_5_9Tests.framework */; };
/* End PBXBuildFile section */

/* Begin PBXContainerItemProxy section */
		860F9BBE231EB0BC00BB57A1 /* PBXContainerItemProxy */ = {
			isa = PBXContainerItemProxy;
			containerPortal = 860F9BA1231EB0BA00BB57A1 /* Project object */;
			proxyType = 1;
			remoteGlobalIDString = 860F9BA8231EB0BA00BB57A1;
			remoteInfo = "Test-5-9";
		};
		860F9BC9231EB0BC00BB57A1 /* PBXContainerItemProxy */ = {
			isa = PBXContainerItemProxy;
			containerPortal = 860F9BA1231EB0BA00BB57A1 /* Project object */;
			proxyType = 1;
			remoteGlobalIDString = 860F9BA8231EB0BA00BB57A1;
			remoteInfo = "Test-5-9";
		};
/* End PBXContainerItemProxy section */

/* Begin PBXFileReference section */
		0A750F54585699A1693D0199 /* Pods_Test_5_9.framework */ = {isa = PBXFileReference; explicitFileType = wrapper.framework; includeInIndex = 0; path = Pods_Test_5_9.framework; sourceTree = BUILT_PRODUCTS_DIR; };
		2E7050BD98B8BB0B5552CABC /* Pods-Test-5-9Tests.release.xcconfig */ = {isa = PBXFileReference; includeInIndex = 1; lastKnownFileType = text.xcconfig; name = "Pods-Test-5-9Tests.release.xcconfig"; path = "Target Support Files/Pods-Test-5-9Tests/Pods-Test-5-9Tests.release.xcconfig"; sourceTree = "<group>"; };
		860F9BA9231EB0BA00BB57A1 /* Test-5-9.app */ = {isa = PBXFileReference; explicitFileType = wrapper.application; includeInIndex = 0; path = "Test-5-9.app"; sourceTree = BUILT_PRODUCTS_DIR; };
		860F9BAC231EB0BA00BB57A1 /* AppDelegate.swift */ = {isa = PBXFileReference; lastKnownFileType = sourcecode.swift; path = AppDelegate.swift; sourceTree = "<group>"; };
		860F9BAE231EB0BA00BB57A1 /* ViewController.swift */ = {isa = PBXFileReference; lastKnownFileType = sourcecode.swift; path = ViewController.swift; sourceTree = "<group>"; };
		860F9BB1231EB0BA00BB57A1 /* Base */ = {isa = PBXFileReference; lastKnownFileType = file.storyboard; name = Base; path = Base.lproj/Main.storyboard; sourceTree = "<group>"; };
		860F9BB3231EB0BC00BB57A1 /* Assets.xcassets */ = {isa = PBXFileReference; lastKnownFileType = folder.assetcatalog; path = Assets.xcassets; sourceTree = "<group>"; };
		860F9BB6231EB0BC00BB57A1 /* Base */ = {isa = PBXFileReference; lastKnownFileType = file.storyboard; name = Base; path = Base.lproj/LaunchScreen.storyboard; sourceTree = "<group>"; };
		860F9BB8231EB0BC00BB57A1 /* Info.plist */ = {isa = PBXFileReference; lastKnownFileType = text.plist.xml; path = Info.plist; sourceTree = "<group>"; };
		860F9BBD231EB0BC00BB57A1 /* Test-5-9Tests.xctest */ = {isa = PBXFileReference; explicitFileType = wrapper.cfbundle; includeInIndex = 0; path = "Test-5-9Tests.xctest"; sourceTree = BUILT_PRODUCTS_DIR; };
		860F9BC1231EB0BC00BB57A1 /* Test_5_9Tests.swift */ = {isa = PBXFileReference; lastKnownFileType = sourcecode.swift; path = Test_5_9Tests.swift; sourceTree = "<group>"; };
		860F9BC3231EB0BC00BB57A1 /* Info.plist */ = {isa = PBXFileReference; lastKnownFileType = text.plist.xml; path = Info.plist; sourceTree = "<group>"; };
		860F9BC8231EB0BC00BB57A1 /* Test-5-9UITests.xctest */ = {isa = PBXFileReference; explicitFileType = wrapper.cfbundle; includeInIndex = 0; path = "Test-5-9UITests.xctest"; sourceTree = BUILT_PRODUCTS_DIR; };
		860F9BCC231EB0BC00BB57A1 /* Test_5_9UITests.swift */ = {isa = PBXFileReference; lastKnownFileType = sourcecode.swift; path = Test_5_9UITests.swift; sourceTree = "<group>"; };
		860F9BCE231EB0BC00BB57A1 /* Info.plist */ = {isa = PBXFileReference; lastKnownFileType = text.plist.xml; path = Info.plist; sourceTree = "<group>"; };
		860F9BDA231EB0EB00BB57A1 /* TopViewController.swift */ = {isa = PBXFileReference; lastKnownFileType = sourcecode.swift; path = TopViewController.swift; sourceTree = "<group>"; };
		860F9BDB231EB0EB00BB57A1 /* TopViewController.xib */ = {isa = PBXFileReference; lastKnownFileType = file.xib; path = TopViewController.xib; sourceTree = "<group>"; };
		860F9BDE231EB11700BB57A1 /* TopMainView.swift */ = {isa = PBXFileReference; lastKnownFileType = sourcecode.swift; path = TopMainView.swift; sourceTree = "<group>"; };
		860F9BDF231EB11700BB57A1 /* TopMainView.xib */ = {isa = PBXFileReference; lastKnownFileType = file.xib; path = TopMainView.xib; sourceTree = "<group>"; };
		860F9BE2231EB15C00BB57A1 /* TopMainTableViewCell.swift */ = {isa = PBXFileReference; lastKnownFileType = sourcecode.swift; path = TopMainTableViewCell.swift; sourceTree = "<group>"; };
		860F9BE3231EB15C00BB57A1 /* TopMainTableViewCell.xib */ = {isa = PBXFileReference; lastKnownFileType = file.xib; path = TopMainTableViewCell.xib; sourceTree = "<group>"; };
		8A222AD9529DDB5FD1B47961 /* Pods_Test_5_9UITests.framework */ = {isa = PBXFileReference; explicitFileType = wrapper.framework; includeInIndex = 0; path = Pods_Test_5_9UITests.framework; sourceTree = BUILT_PRODUCTS_DIR; };
		9A04E62DE8ED4F376F1A28AC /* Pods-Test-5-9UITests.release.xcconfig */ = {isa = PBXFileReference; includeInIndex = 1; lastKnownFileType = text.xcconfig; name = "Pods-Test-5-9UITests.release.xcconfig"; path = "Target Support Files/Pods-Test-5-9UITests/Pods-Test-5-9UITests.release.xcconfig"; sourceTree = "<group>"; };
		9AFF33B3ADBD786A3983A3F9 /* Pods_Test_5_9Tests.framework */ = {isa = PBXFileReference; explicitFileType = wrapper.framework; includeInIndex = 0; path = Pods_Test_5_9Tests.framework; sourceTree = BUILT_PRODUCTS_DIR; };
		9E8DD4859E897D30D6634E61 /* Pods-Test-5-9.release.xcconfig */ = {isa = PBXFileReference; includeInIndex = 1; lastKnownFileType = text.xcconfig; name = "Pods-Test-5-9.release.xcconfig"; path = "Target Support Files/Pods-Test-5-9/Pods-Test-5-9.release.xcconfig"; sourceTree = "<group>"; };
		AF84E2D370687497D74974F9 /* Pods-Test-5-9Tests.debug.xcconfig */ = {isa = PBXFileReference; includeInIndex = 1; lastKnownFileType = text.xcconfig; name = "Pods-Test-5-9Tests.debug.xcconfig"; path = "Target Support Files/Pods-Test-5-9Tests/Pods-Test-5-9Tests.debug.xcconfig"; sourceTree = "<group>"; };
		B6A78AF89D17AB80A67AA01F /* Pods-Test-5-9.debug.xcconfig */ = {isa = PBXFileReference; includeInIndex = 1; lastKnownFileType = text.xcconfig; name = "Pods-Test-5-9.debug.xcconfig"; path = "Target Support Files/Pods-Test-5-9/Pods-Test-5-9.debug.xcconfig"; sourceTree = "<group>"; };
		E0BB768E1D72B74DB693CC9C /* Pods-Test-5-9UITests.debug.xcconfig */ = {isa = PBXFileReference; includeInIndex = 1; lastKnownFileType = text.xcconfig; name = "Pods-Test-5-9UITests.debug.xcconfig"; path = "Target Support Files/Pods-Test-5-9UITests/Pods-Test-5-9UITests.debug.xcconfig"; sourceTree = "<group>"; };
/* End PBXFileReference section */

/* Begin PBXFrameworksBuildPhase section */
		860F9BA6231EB0BA00BB57A1 /* Frameworks */ = {
			isa = PBXFrameworksBuildPhase;
			buildActionMask = 2147483647;
			files = (
				0F6A5CB9A232B13A32A7EE88 /* Pods_Test_5_9.framework in Frameworks */,
			);
			runOnlyForDeploymentPostprocessing = 0;
		};
		860F9BBA231EB0BC00BB57A1 /* Frameworks */ = {
			isa = PBXFrameworksBuildPhase;
			buildActionMask = 2147483647;
			files = (
				D6DAF98A3F64FB5D0C89458C /* Pods_Test_5_9Tests.framework in Frameworks */,
			);
			runOnlyForDeploymentPostprocessing = 0;
		};
		860F9BC5231EB0BC00BB57A1 /* Frameworks */ = {
			isa = PBXFrameworksBuildPhase;
			buildActionMask = 2147483647;
			files = (
				D3FA5EB6C563DFCF343B4003 /* Pods_Test_5_9UITests.framework in Frameworks */,
			);
			runOnlyForDeploymentPostprocessing = 0;
		};
/* End PBXFrameworksBuildPhase section */

/* Begin PBXGroup section */
		860F9BA0231EB0BA00BB57A1 = {
			isa = PBXGroup;
			children = (
				860F9BAB231EB0BA00BB57A1 /* Test-5-9 */,
				860F9BC0231EB0BC00BB57A1 /* Test-5-9Tests */,
				860F9BCB231EB0BC00BB57A1 /* Test-5-9UITests */,
				860F9BAA231EB0BA00BB57A1 /* Products */,
				C90866400AE553566B9FE56E /* Pods */,
				CD3A93B244F665EC4C36DCAC /* Frameworks */,
			);
			sourceTree = "<group>";
		};
		860F9BAA231EB0BA00BB57A1 /* Products */ = {
			isa = PBXGroup;
			children = (
				860F9BA9231EB0BA00BB57A1 /* Test-5-9.app */,
				860F9BBD231EB0BC00BB57A1 /* Test-5-9Tests.xctest */,
				860F9BC8231EB0BC00BB57A1 /* Test-5-9UITests.xctest */,
			);
			name = Products;
			sourceTree = "<group>";
		};
		860F9BAB231EB0BA00BB57A1 /* Test-5-9 */ = {
			isa = PBXGroup;
			children = (
				860F9BAC231EB0BA00BB57A1 /* AppDelegate.swift */,
				860F9BAE231EB0BA00BB57A1 /* ViewController.swift */,
				860F9BB0231EB0BA00BB57A1 /* Main.storyboard */,
				860F9BB3231EB0BC00BB57A1 /* Assets.xcassets */,
				860F9BB5231EB0BC00BB57A1 /* LaunchScreen.storyboard */,
				860F9BB8231EB0BC00BB57A1 /* Info.plist */,
				860F9BDA231EB0EB00BB57A1 /* TopViewController.swift */,
				860F9BDB231EB0EB00BB57A1 /* TopViewController.xib */,
				860F9BDE231EB11700BB57A1 /* TopMainView.swift */,
				860F9BDF231EB11700BB57A1 /* TopMainView.xib */,
				860F9BE2231EB15C00BB57A1 /* TopMainTableViewCell.swift */,
				860F9BE3231EB15C00BB57A1 /* TopMainTableViewCell.xib */,
			);
			path = "Test-5-9";
			sourceTree = "<group>";
		};
		860F9BC0231EB0BC00BB57A1 /* Test-5-9Tests */ = {
			isa = PBXGroup;
			children = (
				860F9BC1231EB0BC00BB57A1 /* Test_5_9Tests.swift */,
				860F9BC3231EB0BC00BB57A1 /* Info.plist */,
			);
			path = "Test-5-9Tests";
			sourceTree = "<group>";
		};
		860F9BCB231EB0BC00BB57A1 /* Test-5-9UITests */ = {
			isa = PBXGroup;
			children = (
				860F9BCC231EB0BC00BB57A1 /* Test_5_9UITests.swift */,
				860F9BCE231EB0BC00BB57A1 /* Info.plist */,
			);
			path = "Test-5-9UITests";
			sourceTree = "<group>";
		};
		C90866400AE553566B9FE56E /* Pods */ = {
			isa = PBXGroup;
			children = (
				B6A78AF89D17AB80A67AA01F /* Pods-Test-5-9.debug.xcconfig */,
				9E8DD4859E897D30D6634E61 /* Pods-Test-5-9.release.xcconfig */,
				AF84E2D370687497D74974F9 /* Pods-Test-5-9Tests.debug.xcconfig */,
				2E7050BD98B8BB0B5552CABC /* Pods-Test-5-9Tests.release.xcconfig */,
				E0BB768E1D72B74DB693CC9C /* Pods-Test-5-9UITests.debug.xcconfig */,
				9A04E62DE8ED4F376F1A28AC /* Pods-Test-5-9UITests.release.xcconfig */,
			);
			path = Pods;
			sourceTree = "<group>";
		};
		CD3A93B244F665EC4C36DCAC /* Frameworks */ = {
			isa = PBXGroup;
			children = (
				0A750F54585699A1693D0199 /* Pods_Test_5_9.framework */,
				9AFF33B3ADBD786A3983A3F9 /* Pods_Test_5_9Tests.framework */,
				8A222AD9529DDB5FD1B47961 /* Pods_Test_5_9UITests.framework */,
			);
			name = Frameworks;
			sourceTree = "<group>";
		};
/* End PBXGroup section */

/* Begin PBXNativeTarget section */
		860F9BA8231EB0BA00BB57A1 /* Test-5-9 */ = {
			isa = PBXNativeTarget;
			buildConfigurationList = 860F9BD1231EB0BC00BB57A1 /* Build configuration list for PBXNativeTarget "Test-5-9" */;
			buildPhases = (
				A52F026B05C33F2FFE955148 /* [CP] Check Pods Manifest.lock */,
				860F9BA5231EB0BA00BB57A1 /* Sources */,
				860F9BA6231EB0BA00BB57A1 /* Frameworks */,
				860F9BA7231EB0BA00BB57A1 /* Resources */,
				95033377FE1C166AA3BDC458 /* [CP] Embed Pods Frameworks */,
			);
			buildRules = (
			);
			dependencies = (
			);
			name = "Test-5-9";
			productName = "Test-5-9";
			productReference = 860F9BA9231EB0BA00BB57A1 /* Test-5-9.app */;
			productType = "com.apple.product-type.application";
		};
		860F9BBC231EB0BC00BB57A1 /* Test-5-9Tests */ = {
			isa = PBXNativeTarget;
			buildConfigurationList = 860F9BD4231EB0BC00BB57A1 /* Build configuration list for PBXNativeTarget "Test-5-9Tests" */;
			buildPhases = (
				658E755BD840160EF2735FF5 /* [CP] Check Pods Manifest.lock */,
				860F9BB9231EB0BC00BB57A1 /* Sources */,
				860F9BBA231EB0BC00BB57A1 /* Frameworks */,
				860F9BBB231EB0BC00BB57A1 /* Resources */,
			);
			buildRules = (
			);
			dependencies = (
				860F9BBF231EB0BC00BB57A1 /* PBXTargetDependency */,
			);
			name = "Test-5-9Tests";
			productName = "Test-5-9Tests";
			productReference = 860F9BBD231EB0BC00BB57A1 /* Test-5-9Tests.xctest */;
			productType = "com.apple.product-type.bundle.unit-test";
		};
		860F9BC7231EB0BC00BB57A1 /* Test-5-9UITests */ = {
			isa = PBXNativeTarget;
			buildConfigurationList = 860F9BD7231EB0BC00BB57A1 /* Build configuration list for PBXNativeTarget "Test-5-9UITests" */;
			buildPhases = (
				4BF1C6D4F17F83D9F907EC71 /* [CP] Check Pods Manifest.lock */,
				860F9BC4231EB0BC00BB57A1 /* Sources */,
				860F9BC5231EB0BC00BB57A1 /* Frameworks */,
				860F9BC6231EB0BC00BB57A1 /* Resources */,
			);
			buildRules = (
			);
			dependencies = (
				860F9BCA231EB0BC00BB57A1 /* PBXTargetDependency */,
			);
			name = "Test-5-9UITests";
			productName = "Test-5-9UITests";
			productReference = 860F9BC8231EB0BC00BB57A1 /* Test-5-9UITests.xctest */;
			productType = "com.apple.product-type.bundle.ui-testing";
		};
/* End PBXNativeTarget section */

/* Begin PBXProject section */
		860F9BA1231EB0BA00BB57A1 /* Project object */ = {
			isa = PBXProject;
			attributes = {
				LastSwiftUpdateCheck = 1030;
				LastUpgradeCheck = 1030;
				ORGANIZATIONNAME = "多可楽";
				TargetAttributes = {
					860F9BA8231EB0BA00BB57A1 = {
						CreatedOnToolsVersion = 10.3;
					};
					860F9BBC231EB0BC00BB57A1 = {
						CreatedOnToolsVersion = 10.3;
						TestTargetID = 860F9BA8231EB0BA00BB57A1;
					};
					860F9BC7231EB0BC00BB57A1 = {
						CreatedOnToolsVersion = 10.3;
						TestTargetID = 860F9BA8231EB0BA00BB57A1;
					};
				};
			};
			buildConfigurationList = 860F9BA4231EB0BA00BB57A1 /* Build configuration list for PBXProject "Test-5-9" */;
			compatibilityVersion = "Xcode 9.3";
			developmentRegion = en;
			hasScannedForEncodings = 0;
			knownRegions = (
				en,
				Base,
			);
			mainGroup = 860F9BA0231EB0BA00BB57A1;
			productRefGroup = 860F9BAA231EB0BA00BB57A1 /* Products */;
			projectDirPath = "";
			projectRoot = "";
			targets = (
				860F9BA8231EB0BA00BB57A1 /* Test-5-9 */,
				860F9BBC231EB0BC00BB57A1 /* Test-5-9Tests */,
				860F9BC7231EB0BC00BB57A1 /* Test-5-9UITests */,
			);
		};
/* End PBXProject section */

/* Begin PBXResourcesBuildPhase section */
		860F9BA7231EB0BA00BB57A1 /* Resources */ = {
			isa = PBXResourcesBuildPhase;
			buildActionMask = 2147483647;
			files = (
				860F9BE1231EB11700BB57A1 /* TopMainView.xib in Resources */,
				860F9BDD231EB0EB00BB57A1 /* TopViewController.xib in Resources */,
				860F9BB7231EB0BC00BB57A1 /* LaunchScreen.storyboard in Resources */,
				860F9BB4231EB0BC00BB57A1 /* Assets.xcassets in Resources */,
				860F9BE5231EB15C00BB57A1 /* TopMainTableViewCell.xib in Resources */,
				860F9BB2231EB0BA00BB57A1 /* Main.storyboard in Resources */,
			);
			runOnlyForDeploymentPostprocessing = 0;
		};
		860F9BBB231EB0BC00BB57A1 /* Resources */ = {
			isa = PBXResourcesBuildPhase;
			buildActionMask = 2147483647;
			files = (
			);
			runOnlyForDeploymentPostprocessing = 0;
		};
		860F9BC6231EB0BC00BB57A1 /* Resources */ = {
			isa = PBXResourcesBuildPhase;
			buildActionMask = 2147483647;
			files = (
			);
			runOnlyForDeploymentPostprocessing = 0;
		};
/* End PBXResourcesBuildPhase section */

/* Begin PBXShellScriptBuildPhase section */
		4BF1C6D4F17F83D9F907EC71 /* [CP] Check Pods Manifest.lock */ = {
			isa = PBXShellScriptBuildPhase;
			buildActionMask = 2147483647;
			files = (
			);
			inputFileListPaths = (
			);
			inputPaths = (
				"${PODS_PODFILE_DIR_PATH}/Podfile.lock",
				"${PODS_ROOT}/Manifest.lock",
			);
			name = "[CP] Check Pods Manifest.lock";
			outputFileListPaths = (
			);
			outputPaths = (
				"$(DERIVED_FILE_DIR)/Pods-Test-5-9UITests-checkManifestLockResult.txt",
			);
			runOnlyForDeploymentPostprocessing = 0;
			shellPath = /bin/sh;
			shellScript = "diff \"${PODS_PODFILE_DIR_PATH}/Podfile.lock\" \"${PODS_ROOT}/Manifest.lock\" > /dev/null\nif [ $? != 0 ] ; then\n    # print error to STDERR\n    echo \"error: The sandbox is not in sync with the Podfile.lock. Run 'pod install' or update your CocoaPods installation.\" >&2\n    exit 1\nfi\n# This output is used by Xcode 'outputs' to avoid re-running this script phase.\necho \"SUCCESS\" > \"${SCRIPT_OUTPUT_FILE_0}\"\n";
			showEnvVarsInLog = 0;
		};
		658E755BD840160EF2735FF5 /* [CP] Check Pods Manifest.lock */ = {
			isa = PBXShellScriptBuildPhase;
			buildActionMask = 2147483647;
			files = (
			);
			inputFileListPaths = (
			);
			inputPaths = (
				"${PODS_PODFILE_DIR_PATH}/Podfile.lock",
				"${PODS_ROOT}/Manifest.lock",
			);
			name = "[CP] Check Pods Manifest.lock";
			outputFileListPaths = (
			);
			outputPaths = (
				"$(DERIVED_FILE_DIR)/Pods-Test-5-9Tests-checkManifestLockResult.txt",
			);
			runOnlyForDeploymentPostprocessing = 0;
			shellPath = /bin/sh;
			shellScript = "diff \"${PODS_PODFILE_DIR_PATH}/Podfile.lock\" \"${PODS_ROOT}/Manifest.lock\" > /dev/null\nif [ $? != 0 ] ; then\n    # print error to STDERR\n    echo \"error: The sandbox is not in sync with the Podfile.lock. Run 'pod install' or update your CocoaPods installation.\" >&2\n    exit 1\nfi\n# This output is used by Xcode 'outputs' to avoid re-running this script phase.\necho \"SUCCESS\" > \"${SCRIPT_OUTPUT_FILE_0}\"\n";
			showEnvVarsInLog = 0;
		};
		95033377FE1C166AA3BDC458 /* [CP] Embed Pods Frameworks */ = {
			isa = PBXShellScriptBuildPhase;
			buildActionMask = 2147483647;
			files = (
			);
			inputFileListPaths = (
				"${PODS_ROOT}/Target Support Files/Pods-Test-5-9/Pods-Test-5-9-frameworks-${CONFIGURATION}-input-files.xcfilelist",
			);
			name = "[CP] Embed Pods Frameworks";
			outputFileListPaths = (
				"${PODS_ROOT}/Target Support Files/Pods-Test-5-9/Pods-Test-5-9-frameworks-${CONFIGURATION}-output-files.xcfilelist",
			);
			runOnlyForDeploymentPostprocessing = 0;
			shellPath = /bin/sh;
			shellScript = "\"${PODS_ROOT}/Target Support Files/Pods-Test-5-9/Pods-Test-5-9-frameworks.sh\"\n";
			showEnvVarsInLog = 0;
		};
		A52F026B05C33F2FFE955148 /* [CP] Check Pods Manifest.lock */ = {
			isa = PBXShellScriptBuildPhase;
			buildActionMask = 2147483647;
			files = (
			);
			inputFileListPaths = (
			);
			inputPaths = (
				"${PODS_PODFILE_DIR_PATH}/Podfile.lock",
				"${PODS_ROOT}/Manifest.lock",
			);
			name = "[CP] Check Pods Manifest.lock";
			outputFileListPaths = (
			);
			outputPaths = (
				"$(DERIVED_FILE_DIR)/Pods-Test-5-9-checkManifestLockResult.txt",
			);
			runOnlyForDeploymentPostprocessing = 0;
			shellPath = /bin/sh;
			shellScript = "diff \"${PODS_PODFILE_DIR_PATH}/Podfile.lock\" \"${PODS_ROOT}/Manifest.lock\" > /dev/null\nif [ $? != 0 ] ; then\n    # print error to STDERR\n    echo \"error: The sandbox is not in sync with the Podfile.lock. Run 'pod install' or update your CocoaPods installation.\" >&2\n    exit 1\nfi\n# This output is used by Xcode 'outputs' to avoid re-running this script phase.\necho \"SUCCESS\" > \"${SCRIPT_OUTPUT_FILE_0}\"\n";
			showEnvVarsInLog = 0;
		};
/* End PBXShellScriptBuildPhase section */

/* Begin PBXSourcesBuildPhase section */
		860F9BA5231EB0BA00BB57A1 /* Sources */ = {
			isa = PBXSourcesBuildPhase;
			buildActionMask = 2147483647;
			files = (
				860F9BE4231EB15C00BB57A1 /* TopMainTableViewCell.swift in Sources */,
				860F9BDC231EB0EB00BB57A1 /* TopViewController.swift in Sources */,
				860F9BAF231EB0BA00BB57A1 /* ViewController.swift in Sources */,
				860F9BAD231EB0BA00BB57A1 /* AppDelegate.swift in Sources */,
				860F9BE0231EB11700BB57A1 /* TopMainView.swift in Sources */,
			);
			runOnlyForDeploymentPostprocessing = 0;
		};
		860F9BB9231EB0BC00BB57A1 /* Sources */ = {
			isa = PBXSourcesBuildPhase;
			buildActionMask = 2147483647;
			files = (
				860F9BC2231EB0BC00BB57A1 /* Test_5_9Tests.swift in Sources */,
			);
			runOnlyForDeploymentPostprocessing = 0;
		};
		860F9BC4231EB0BC00BB57A1 /* Sources */ = {
			isa = PBXSourcesBuildPhase;
			buildActionMask = 2147483647;
			files = (
				860F9BCD231EB0BC00BB57A1 /* Test_5_9UITests.swift in Sources */,
			);
			runOnlyForDeploymentPostprocessing = 0;
		};
/* End PBXSourcesBuildPhase section */

/* Begin PBXTargetDependency section */
		860F9BBF231EB0BC00BB57A1 /* PBXTargetDependency */ = {
			isa = PBXTargetDependency;
			target = 860F9BA8231EB0BA00BB57A1 /* Test-5-9 */;
			targetProxy = 860F9BBE231EB0BC00BB57A1 /* PBXContainerItemProxy */;
		};
		860F9BCA231EB0BC00BB57A1 /* PBXTargetDependency */ = {
			isa = PBXTargetDependency;
			target = 860F9BA8231EB0BA00BB57A1 /* Test-5-9 */;
			targetProxy = 860F9BC9231EB0BC00BB57A1 /* PBXContainerItemProxy */;
		};
/* End PBXTargetDependency section */

/* Begin PBXVariantGroup section */
		860F9BB0231EB0BA00BB57A1 /* Main.storyboard */ = {
			isa = PBXVariantGroup;
			children = (
				860F9BB1231EB0BA00BB57A1 /* Base */,
			);
			name = Main.storyboard;
			sourceTree = "<group>";
		};
		860F9BB5231EB0BC00BB57A1 /* LaunchScreen.storyboard */ = {
			isa = PBXVariantGroup;
			children = (
				860F9BB6231EB0BC00BB57A1 /* Base */,
			);
			name = LaunchScreen.storyboard;
			sourceTree = "<group>";
		};
/* End PBXVariantGroup section */

/* Begin XCBuildConfiguration section */
		860F9BCF231EB0BC00BB57A1 /* Debug */ = {
			isa = XCBuildConfiguration;
			buildSettings = {
				ALWAYS_SEARCH_USER_PATHS = NO;
				CLANG_ANALYZER_NONNULL = YES;
				CLANG_ANALYZER_NUMBER_OBJECT_CONVERSION = YES_AGGRESSIVE;
				CLANG_CXX_LANGUAGE_STANDARD = "gnu++14";
				CLANG_CXX_LIBRARY = "libc++";
				CLANG_ENABLE_MODULES = YES;
				CLANG_ENABLE_OBJC_ARC = YES;
				CLANG_ENABLE_OBJC_WEAK = YES;
				CLANG_WARN_BLOCK_CAPTURE_AUTORELEASING = YES;
				CLANG_WARN_BOOL_CONVERSION = YES;
				CLANG_WARN_COMMA = YES;
				CLANG_WARN_CONSTANT_CONVERSION = YES;
				CLANG_WARN_DEPRECATED_OBJC_IMPLEMENTATIONS = YES;
				CLANG_WARN_DIRECT_OBJC_ISA_USAGE = YES_ERROR;
				CLANG_WARN_DOCUMENTATION_COMMENTS = YES;
				CLANG_WARN_EMPTY_BODY = YES;
				CLANG_WARN_ENUM_CONVERSION = YES;
				CLANG_WARN_INFINITE_RECURSION = YES;
				CLANG_WARN_INT_CONVERSION = YES;
				CLANG_WARN_NON_LITERAL_NULL_CONVERSION = YES;
				CLANG_WARN_OBJC_IMPLICIT_RETAIN_SELF = YES;
				CLANG_WARN_OBJC_LITERAL_CONVERSION = YES;
				CLANG_WARN_OBJC_ROOT_CLASS = YES_ERROR;
				CLANG_WARN_RANGE_LOOP_ANALYSIS = YES;
				CLANG_WARN_STRICT_PROTOTYPES = YES;
				CLANG_WARN_SUSPICIOUS_MOVE = YES;
				CLANG_WARN_UNGUARDED_AVAILABILITY = YES_AGGRESSIVE;
				CLANG_WARN_UNREACHABLE_CODE = YES;
				CLANG_WARN__DUPLICATE_METHOD_MATCH = YES;
				CODE_SIGN_IDENTITY = "iPhone Developer";
				COPY_PHASE_STRIP = NO;
				DEBUG_INFORMATION_FORMAT = dwarf;
				ENABLE_STRICT_OBJC_MSGSEND = YES;
				ENABLE_TESTABILITY = YES;
				GCC_C_LANGUAGE_STANDARD = gnu11;
				GCC_DYNAMIC_NO_PIC = NO;
				GCC_NO_COMMON_BLOCKS = YES;
				GCC_OPTIMIZATION_LEVEL = 0;
				GCC_PREPROCESSOR_DEFINITIONS = (
					"DEBUG=1",
					"$(inherited)",
				);
				GCC_WARN_64_TO_32_BIT_CONVERSION = YES;
				GCC_WARN_ABOUT_RETURN_TYPE = YES_ERROR;
				GCC_WARN_UNDECLARED_SELECTOR = YES;
				GCC_WARN_UNINITIALIZED_AUTOS = YES_AGGRESSIVE;
				GCC_WARN_UNUSED_FUNCTION = YES;
				GCC_WARN_UNUSED_VARIABLE = YES;
				IPHONEOS_DEPLOYMENT_TARGET = 12.4;
				MTL_ENABLE_DEBUG_INFO = INCLUDE_SOURCE;
				MTL_FAST_MATH = YES;
				ONLY_ACTIVE_ARCH = YES;
				SDKROOT = iphoneos;
				SWIFT_ACTIVE_COMPILATION_CONDITIONS = DEBUG;
				SWIFT_OPTIMIZATION_LEVEL = "-Onone";
			};
			name = Debug;
		};
		860F9BD0231EB0BC00BB57A1 /* Release */ = {
			isa = XCBuildConfiguration;
			buildSettings = {
				ALWAYS_SEARCH_USER_PATHS = NO;
				CLANG_ANALYZER_NONNULL = YES;
				CLANG_ANALYZER_NUMBER_OBJECT_CONVERSION = YES_AGGRESSIVE;
				CLANG_CXX_LANGUAGE_STANDARD = "gnu++14";
				CLANG_CXX_LIBRARY = "libc++";
				CLANG_ENABLE_MODULES = YES;
				CLANG_ENABLE_OBJC_ARC = YES;
				CLANG_ENABLE_OBJC_WEAK = YES;
				CLANG_WARN_BLOCK_CAPTURE_AUTORELEASING = YES;
				CLANG_WARN_BOOL_CONVERSION = YES;
				CLANG_WARN_COMMA = YES;
				CLANG_WARN_CONSTANT_CONVERSION = YES;
				CLANG_WARN_DEPRECATED_OBJC_IMPLEMENTATIONS = YES;
				CLANG_WARN_DIRECT_OBJC_ISA_USAGE = YES_ERROR;
				CLANG_WARN_DOCUMENTATION_COMMENTS = YES;
				CLANG_WARN_EMPTY_BODY = YES;
				CLANG_WARN_ENUM_CONVERSION = YES;
				CLANG_WARN_INFINITE_RECURSION = YES;
				CLANG_WARN_INT_CONVERSION = YES;
				CLANG_WARN_NON_LITERAL_NULL_CONVERSION = YES;
				CLANG_WARN_OBJC_IMPLICIT_RETAIN_SELF = YES;
				CLANG_WARN_OBJC_LITERAL_CONVERSION = YES;
				CLANG_WARN_OBJC_ROOT_CLASS = YES_ERROR;
				CLANG_WARN_RANGE_LOOP_ANALYSIS = YES;
				CLANG_WARN_STRICT_PROTOTYPES = YES;
				CLANG_WARN_SUSPICIOUS_MOVE = YES;
				CLANG_WARN_UNGUARDED_AVAILABILITY = YES_AGGRESSIVE;
				CLANG_WARN_UNREACHABLE_CODE = YES;
				CLANG_WARN__DUPLICATE_METHOD_MATCH = YES;
				CODE_SIGN_IDENTITY = "iPhone Developer";
				COPY_PHASE_STRIP = NO;
				DEBUG_INFORMATION_FORMAT = "dwarf-with-dsym";
				ENABLE_NS_ASSERTIONS = NO;
				ENABLE_STRICT_OBJC_MSGSEND = YES;
				GCC_C_LANGUAGE_STANDARD = gnu11;
				GCC_NO_COMMON_BLOCKS = YES;
				GCC_WARN_64_TO_32_BIT_CONVERSION = YES;
				GCC_WARN_ABOUT_RETURN_TYPE = YES_ERROR;
				GCC_WARN_UNDECLARED_SELECTOR = YES;
				GCC_WARN_UNINITIALIZED_AUTOS = YES_AGGRESSIVE;
				GCC_WARN_UNUSED_FUNCTION = YES;
				GCC_WARN_UNUSED_VARIABLE = YES;
				IPHONEOS_DEPLOYMENT_TARGET = 12.4;
				MTL_ENABLE_DEBUG_INFO = NO;
				MTL_FAST_MATH = YES;
				SDKROOT = iphoneos;
				SWIFT_COMPILATION_MODE = wholemodule;
				SWIFT_OPTIMIZATION_LEVEL = "-O";
				VALIDATE_PRODUCT = YES;
			};
			name = Release;
		};
		860F9BD2231EB0BC00BB57A1 /* Debug */ = {
			isa = XCBuildConfiguration;
			baseConfigurationReference = B6A78AF89D17AB80A67AA01F /* Pods-Test-5-9.debug.xcconfig */;
			buildSettings = {
				ASSETCATALOG_COMPILER_APPICON_NAME = AppIcon;
				CODE_SIGN_STYLE = Automatic;
				INFOPLIST_FILE = "Test-5-9/Info.plist";
				LD_RUNPATH_SEARCH_PATHS = (
					"$(inherited)",
					"@executable_path/Frameworks",
				);
				PRODUCT_BUNDLE_IDENTIFIER = "aaaa.Test-5-9";
				PRODUCT_NAME = "$(TARGET_NAME)";
				SWIFT_VERSION = 5.0;
				TARGETED_DEVICE_FAMILY = "1,2";
			};
			name = Debug;
		};
		860F9BD3231EB0BC00BB57A1 /* Release */ = {
			isa = XCBuildConfiguration;
			baseConfigurationReference = 9E8DD4859E897D30D6634E61 /* Pods-Test-5-9.release.xcconfig */;
			buildSettings = {
				ASSETCATALOG_COMPILER_APPICON_NAME = AppIcon;
				CODE_SIGN_STYLE = Automatic;
				INFOPLIST_FILE = "Test-5-9/Info.plist";
				LD_RUNPATH_SEARCH_PATHS = (
					"$(inherited)",
					"@executable_path/Frameworks",
				);
				PRODUCT_BUNDLE_IDENTIFIER = "aaaa.Test-5-9";
				PRODUCT_NAME = "$(TARGET_NAME)";
				SWIFT_VERSION = 5.0;
				TARGETED_DEVICE_FAMILY = "1,2";
			};
			name = Release;
		};
		860F9BD5231EB0BC00BB57A1 /* Debug */ = {
			isa = XCBuildConfiguration;
			baseConfigurationReference = AF84E2D370687497D74974F9 /* Pods-Test-5-9Tests.debug.xcconfig */;
			buildSettings = {
				ALWAYS_EMBED_SWIFT_STANDARD_LIBRARIES = YES;
				BUNDLE_LOADER = "$(TEST_HOST)";
				CODE_SIGN_STYLE = Automatic;
				INFOPLIST_FILE = "Test-5-9Tests/Info.plist";
				LD_RUNPATH_SEARCH_PATHS = (
					"$(inherited)",
					"@executable_path/Frameworks",
					"@loader_path/Frameworks",
				);
				PRODUCT_BUNDLE_IDENTIFIER = "aaaa.Test-5-9Tests";
				PRODUCT_NAME = "$(TARGET_NAME)";
				SWIFT_VERSION = 5.0;
				TARGETED_DEVICE_FAMILY = "1,2";
				TEST_HOST = "$(BUILT_PRODUCTS_DIR)/Test-5-9.app/Test-5-9";
			};
			name = Debug;
		};
		860F9BD6231EB0BC00BB57A1 /* Release */ = {
			isa = XCBuildConfiguration;
			baseConfigurationReference = 2E7050BD98B8BB0B5552CABC /* Pods-Test-5-9Tests.release.xcconfig */;
			buildSettings = {
				ALWAYS_EMBED_SWIFT_STANDARD_LIBRARIES = YES;
				BUNDLE_LOADER = "$(TEST_HOST)";
				CODE_SIGN_STYLE = Automatic;
				INFOPLIST_FILE = "Test-5-9Tests/Info.plist";
				LD_RUNPATH_SEARCH_PATHS = (
					"$(inherited)",
					"@executable_path/Frameworks",
					"@loader_path/Frameworks",
				);
				PRODUCT_BUNDLE_IDENTIFIER = "aaaa.Test-5-9Tests";
				PRODUCT_NAME = "$(TARGET_NAME)";
				SWIFT_VERSION = 5.0;
				TARGETED_DEVICE_FAMILY = "1,2";
				TEST_HOST = "$(BUILT_PRODUCTS_DIR)/Test-5-9.app/Test-5-9";
			};
			name = Release;
		};
		860F9BD8231EB0BC00BB57A1 /* Debug */ = {
			isa = XCBuildConfiguration;
			baseConfigurationReference = E0BB768E1D72B74DB693CC9C /* Pods-Test-5-9UITests.debug.xcconfig */;
			buildSettings = {
				ALWAYS_EMBED_SWIFT_STANDARD_LIBRARIES = YES;
				CODE_SIGN_STYLE = Automatic;
				INFOPLIST_FILE = "Test-5-9UITests/Info.plist";
				LD_RUNPATH_SEARCH_PATHS = (
					"$(inherited)",
					"@executable_path/Frameworks",
					"@loader_path/Frameworks",
				);
				PRODUCT_BUNDLE_IDENTIFIER = "aaaa.Test-5-9UITests";
				PRODUCT_NAME = "$(TARGET_NAME)";
				SWIFT_VERSION = 5.0;
				TARGETED_DEVICE_FAMILY = "1,2";
				TEST_TARGET_NAME = "Test-5-9";
			};
			name = Debug;
		};
		860F9BD9231EB0BC00BB57A1 /* Release */ = {
			isa = XCBuildConfiguration;
			baseConfigurationReference = 9A04E62DE8ED4F376F1A28AC /* Pods-Test-5-9UITests.release.xcconfig */;
			buildSettings = {
				ALWAYS_EMBED_SWIFT_STANDARD_LIBRARIES = YES;
				CODE_SIGN_STYLE = Automatic;
				INFOPLIST_FILE = "Test-5-9UITests/Info.plist";
				LD_RUNPATH_SEARCH_PATHS = (
					"$(inherited)",
					"@executable_path/Frameworks",
					"@loader_path/Frameworks",
				);
				PRODUCT_BUNDLE_IDENTIFIER = "aaaa.Test-5-9UITests";
				PRODUCT_NAME = "$(TARGET_NAME)";
				SWIFT_VERSION = 5.0;
				TARGETED_DEVICE_FAMILY = "1,2";
				TEST_TARGET_NAME = "Test-5-9";
			};
			name = Release;
		};
/* End XCBuildConfiguration section */

/* Begin XCConfigurationList section */
		860F9BA4231EB0BA00BB57A1 /* Build configuration list for PBXProject "Test-5-9" */ = {
			isa = XCConfigurationList;
			buildConfigurations = (
				860F9BCF231EB0BC00BB57A1 /* Debug */,
				860F9BD0231EB0BC00BB57A1 /* Release */,
			);
			defaultConfigurationIsVisible = 0;
			defaultConfigurationName = Release;
		};
		860F9BD1231EB0BC00BB57A1 /* Build configuration list for PBXNativeTarget "Test-5-9" */ = {
			isa = XCConfigurationList;
			buildConfigurations = (
				860F9BD2231EB0BC00BB57A1 /* Debug */,
				860F9BD3231EB0BC00BB57A1 /* Release */,
			);
			defaultConfigurationIsVisible = 0;
			defaultConfigurationName = Release;
		};
		860F9BD4231EB0BC00BB57A1 /* Build configuration list for PBXNativeTarget "Test-5-9Tests" */ = {
			isa = XCConfigurationList;
			buildConfigurations = (
				860F9BD5231EB0BC00BB57A1 /* Debug */,
				860F9BD6231EB0BC00BB57A1 /* Release */,
			);
			defaultConfigurationIsVisible = 0;
			defaultConfigurationName = Release;
		};
		860F9BD7231EB0BC00BB57A1 /* Build configuration list for PBXNativeTarget "Test-5-9UITests" */ = {
			isa = XCConfigurationList;
			buildConfigurations = (
				860F9BD8231EB0BC00BB57A1 /* Debug */,
				860F9BD9231EB0BC00BB57A1 /* Release */,
			);
			defaultConfigurationIsVisible = 0;
			defaultConfigurationName = Release;
		};
/* End XCConfigurationList section */
	};
	rootObject = 860F9BA1231EB0BA00BB57A1 /* Project object */;
}
